
Microsoft Visual Studio Solution File, Format Version 12.00
# Visual Studio Version 17
VisualStudioVersion = 17.7.34003.232
MinimumVisualStudioVersion = 10.0.40219.1
Project("{FAE04EC0-301F-11D3-BF4B-00C04F79EFBC}") = "08Set2023", "08Set2023\08Set2023.csproj", "{35D8A5E8-48A5-4F99-B6B8-2A3E0A83CE5B}"
EndProject
Global
	GlobalSection(SolutionConfigurationPlatforms) = preSolution
		Debug|Any CPU = Debug|Any CPU
		Release|Any CPU = Release|Any CPU
	EndGlobalSection
	GlobalSection(ProjectConfigurationPlatforms) = postSolution
		{35D8A5E8-48A5-4F99-B6B8-2A3E0A83CE5B}.Debug|Any CPU.ActiveCfg = Debug|Any CPU
		{35D8A5E8-48A5-4F99-B6B8-2A3E0A83CE5B}.Debug|Any CPU.Build.0 = Debug|Any CPU
		{35D8A5E8-48A5-4F99-B6B8-2A3E0A83CE5B}.Release|Any CPU.ActiveCfg = Release|Any CPU
		{35D8A5E8-48A5-4F99-B6B8-2A3E0A83CE5B}.Release|Any CPU.Build.0 = Release|Any CPU
	EndGlobalSection
	GlobalSection(SolutionProperties) = preSolution
		HideSolutionNode = FALSE
	EndGlobalSection
	GlobalSection(ExtensibilityGlobals) = postSolution
		SolutionGuid = {A208A34B-D001-415C-8A48-95600C157AAB}
	EndGlobalSection
EndGlobal
